// !$*UTF8*$!
{
	archiveVersion = 1;
	classes = {
	};
	objectVersion = 50;
	objects = {

/* Begin PBXBuildFile section */
		8CA37A842583209D00A5A17C /* AppDelegate.swift in Sources */ = {isa = PBXBuildFile; fileRef = 8CA37A832583209D00A5A17C /* AppDelegate.swift */; };
		8CA37A862583209D00A5A17C /* SceneDelegate.swift in Sources */ = {isa = PBXBuildFile; fileRef = 8CA37A852583209D00A5A17C /* SceneDelegate.swift */; };
		8CA37A882583209D00A5A17C /* ViewController.swift in Sources */ = {isa = PBXBuildFile; fileRef = 8CA37A872583209D00A5A17C /* ViewController.swift */; };
		8CA37A8B2583209D00A5A17C /* Main.storyboard in Resources */ = {isa = PBXBuildFile; fileRef = 8CA37A892583209D00A5A17C /* Main.storyboard */; };
		8CA37A8D2583209F00A5A17C /* Assets.xcassets in Resources */ = {isa = PBXBuildFile; fileRef = 8CA37A8C2583209F00A5A17C /* Assets.xcassets */; };
		8CA37A902583209F00A5A17C /* LaunchScreen.storyboard in Resources */ = {isa = PBXBuildFile; fileRef = 8CA37A8E2583209F00A5A17C /* LaunchScreen.storyboard */; };
		8CA37A9E2583284200A5A17C /* BaseViewController.swift in Sources */ = {isa = PBXBuildFile; fileRef = 8CA37A9D2583284200A5A17C /* BaseViewController.swift */; };
		8CA37AA12583299100A5A17C /* UIViewController+Extensions.swift in Sources */ = {isa = PBXBuildFile; fileRef = 8CA37AA02583299100A5A17C /* UIViewController+Extensions.swift */; };
		8CA37AA425832CAE00A5A17C /* UIAlertWrapper.swift in Sources */ = {isa = PBXBuildFile; fileRef = 8CA37AA325832CAE00A5A17C /* UIAlertWrapper.swift */; };
/* End PBXBuildFile section */

/* Begin PBXFileReference section */
		8CA37A802583209D00A5A17C /* AlertDemo.app */ = {isa = PBXFileReference; explicitFileType = wrapper.application; includeInIndex = 0; path = AlertDemo.app; sourceTree = BUILT_PRODUCTS_DIR; };
		8CA37A832583209D00A5A17C /* AppDelegate.swift */ = {isa = PBXFileReference; lastKnownFileType = sourcecode.swift; path = AppDelegate.swift; sourceTree = "<group>"; };
		8CA37A852583209D00A5A17C /* SceneDelegate.swift */ = {isa = PBXFileReference; lastKnownFileType = sourcecode.swift; path = SceneDelegate.swift; sourceTree = "<group>"; };
		8CA37A872583209D00A5A17C /* ViewController.swift */ = {isa = PBXFileReference; lastKnownFileType = sourcecode.swift; path = ViewController.swift; sourceTree = "<group>"; };
		8CA37A8A2583209D00A5A17C /* Base */ = {isa = PBXFileReference; lastKnownFileType = file.storyboard; name = Base; path = Base.lproj/Main.storyboard; sourceTree = "<group>"; };
		8CA37A8C2583209F00A5A17C /* Assets.xcassets */ = {isa = PBXFileReference; lastKnownFileType = folder.assetcatalog; path = Assets.xcassets; sourceTree = "<group>"; };
		8CA37A8F2583209F00A5A17C /* Base */ = {isa = PBXFileReference; lastKnownFileType = file.storyboard; name = Base; path = Base.lproj/LaunchScreen.storyboard; sourceTree = "<group>"; };
		8CA37A912583209F00A5A17C /* Info.plist */ = {isa = PBXFileReference; lastKnownFileType = text.plist.xml; path = Info.plist; sourceTree = "<group>"; };
		8CA37A9D2583284200A5A17C /* BaseViewController.swift */ = {isa = PBXFileReference; lastKnownFileType = sourcecode.swift; path = BaseViewController.swift; sourceTree = "<group>"; };
		8CA37AA02583299100A5A17C /* UIViewController+Extensions.swift */ = {isa = PBXFileReference; lastKnownFileType = sourcecode.swift; path = "UIViewController+Extensions.swift"; sourceTree = "<group>"; };
		8CA37AA325832CAE00A5A17C /* UIAlertWrapper.swift */ = {isa = PBXFileReference; lastKnownFileType = sourcecode.swift; path = UIAlertWrapper.swift; sourceTree = "<group>"; };
/* End PBXFileReference section */

/* Begin PBXFrameworksBuildPhase section */
		8CA37A7D2583209D00A5A17C /* Frameworks */ = {
			isa = PBXFrameworksBuildPhase;
			buildActionMask = 2147483647;
			files = (
			);
			runOnlyForDeploymentPostprocessing = 0;
		};
/* End PBXFrameworksBuildPhase section */

/* Begin PBXGroup section */
		8CA37A772583209D00A5A17C = {
			isa = PBXGroup;
			children = (
				8CA37A822583209D00A5A17C /* AlertDemo */,
				8CA37A812583209D00A5A17C /* Products */,
			);
			sourceTree = "<group>";
		};
		8CA37A812583209D00A5A17C /* Products */ = {
			isa = PBXGroup;
			children = (
				8CA37A802583209D00A5A17C /* AlertDemo.app */,
			);
			name = Products;
			sourceTree = "<group>";
		};
		8CA37A822583209D00A5A17C /* AlertDemo */ = {
			isa = PBXGroup;
			children = (
				8CA37A832583209D00A5A17C /* AppDelegate.swift */,
				8CA37A852583209D00A5A17C /* SceneDelegate.swift */,
				8CA37A872583209D00A5A17C /* ViewController.swift */,
				8CA37A892583209D00A5A17C /* Main.storyboard */,
				8CA37A8C2583209F00A5A17C /* Assets.xcassets */,
				8CA37A8E2583209F00A5A17C /* LaunchScreen.storyboard */,
				8CA37A912583209F00A5A17C /* Info.plist */,
				8CA37A9D2583284200A5A17C /* BaseViewController.swift */,
				8CA37AA02583299100A5A17C /* UIViewController+Extensions.swift */,
				8CA37AA325832CAE00A5A17C /* UIAlertWrapper.swift */,
			);
			path = AlertDemo;
			sourceTree = "<group>";
		};
/* End PBXGroup section */

/* Begin PBXNativeTarget section */
		8CA37A7F2583209D00A5A17C /* AlertDemo */ = {
			isa = PBXNativeTarget;
			buildConfigurationList = 8CA37A942583209F00A5A17C /* Build configuration list for PBXNativeTarget "AlertDemo" */;
			buildPhases = (
				8CA37A7C2583209D00A5A17C /* Sources */,
				8CA37A7D2583209D00A5A17C /* Frameworks */,
				8CA37A7E2583209D00A5A17C /* Resources */,
			);
			buildRules = (
			);
			dependencies = (
			);
			name = AlertDemo;
			productName = AlertDemo;
			productReference = 8CA37A802583209D00A5A17C /* AlertDemo.app */;
			productType = "com.apple.product-type.application";
		};
/* End PBXNativeTarget section */

/* Begin PBXProject section */
		8CA37A782583209D00A5A17C /* Project object */ = {
			isa = PBXProject;
			attributes = {
				LastSwiftUpdateCheck = 1220;
				LastUpgradeCheck = 1220;
				TargetAttributes = {
					8CA37A7F2583209D00A5A17C = {
						CreatedOnToolsVersion = 12.2;
					};
				};
			};
			buildConfigurationList = 8CA37A7B2583209D00A5A17C /* Build configuration list for PBXProject "AlertDemo" */;
			compatibilityVersion = "Xcode 9.3";
			developmentRegion = en;
			hasScannedForEncodings = 0;
			knownRegions = (
				en,
				Base,
			);
			mainGroup = 8CA37A772583209D00A5A17C;
			productRefGroup = 8CA37A812583209D00A5A17C /* Products */;
			projectDirPath = "";
			projectRoot = "";
			targets = (
				8CA37A7F2583209D00A5A17C /* AlertDemo */,
			);
		};
/* End PBXProject section */

/* Begin PBXResourcesBuildPhase section */
		8CA37A7E2583209D00A5A17C /* Resources */ = {
			isa = PBXResourcesBuildPhase;
			buildActionMask = 2147483647;
			files = (
				8CA37A902583209F00A5A17C /* LaunchScreen.storyboard in Resources */,
				8CA37A8D2583209F00A5A17C /* Assets.xcassets in Resources */,
				8CA37A8B2583209D00A5A17C /* Main.storyboard in Resources */,
			);
			runOnlyForDeploymentPostprocessing = 0;
		};
/* End PBXResourcesBuildPhase section */

/* Begin PBXSourcesBuildPhase section */
		8CA37A7C2583209D00A5A17C /* Sources */ = {
			isa = PBXSourcesBuildPhase;
			buildActionMask = 2147483647;
			files = (
				8CA37A882583209D00A5A17C /* ViewController.swift in Sources */,
				8CA37A9E2583284200A5A17C /* BaseViewController.swift in Sources */,
				8CA37AA425832CAE00A5A17C /* UIAlertWrapper.swift in Sources */,
				8CA37AA12583299100A5A17C /* UIViewController+Extensions.swift in Sources */,
				8CA37A842583209D00A5A17C /* AppDelegate.swift in Sources */,
				8CA37A862583209D00A5A17C /* SceneDelegate.swift in Sources */,
			);
			runOnlyForDeploymentPostprocessing = 0;
		};
/* End PBXSourcesBuildPhase section */

/* Begin PBXVariantGroup section */
		8CA37A892583209D00A5A17C /* Main.storyboard */ = {
			isa = PBXVariantGroup;
			children = (
				8CA37A8A2583209D00A5A17C /* Base */,
			);
			name = Main.storyboard;
			sourceTree = "<group>";
		};
		8CA37A8E2583209F00A5A17C /* LaunchScreen.storyboard */ = {
			isa = PBXVariantGroup;
			children = (
				8CA37A8F2583209F00A5A17C /* Base */,
			);
			name = LaunchScreen.storyboard;
			sourceTree = "<group>";
		};
/* End PBXVariantGroup section */

/* Begin XCBuildConfiguration section */
		8CA37A922583209F00A5A17C /* Debug */ = {
			isa = XCBuildConfiguration;
			buildSettings = {
				ALWAYS_SEARCH_USER_PATHS = NO;
				CLANG_ANALYZER_NONNULL = YES;
				CLANG_ANALYZER_NUMBER_OBJECT_CONVERSION = YES_AGGRESSIVE;
				CLANG_CXX_LANGUAGE_STANDARD = "gnu++14";
				CLANG_CXX_LIBRARY = "libc++";
				CLANG_ENABLE_MODULES = YES;
				CLANG_ENABLE_OBJC_ARC = YES;
				CLANG_ENABLE_OBJC_WEAK = YES;
				CLANG_WARN_BLOCK_CAPTURE_AUTORELEASING = YES;
				CLANG_WARN_BOOL_CONVERSION = YES;
				CLANG_WARN_COMMA = YES;
				CLANG_WARN_CONSTANT_CONVERSION = YES;
				CLANG_WARN_DEPRECATED_OBJC_IMPLEMENTATIONS = YES;
				CLANG_WARN_DIRECT_OBJC_ISA_USAGE = YES_ERROR;
				CLANG_WARN_DOCUMENTATION_COMMENTS = YES;
				CLANG_WARN_EMPTY_BODY = YES;
				CLANG_WARN_ENUM_CONVERSION = YES;
				CLANG_WARN_INFINITE_RECURSION = YES;
				CLANG_WARN_INT_CONVERSION = YES;
				CLANG_WARN_NON_LITERAL_NULL_CONVERSION = YES;
				CLANG_WARN_OBJC_IMPLICIT_RETAIN_SELF = YES;
				CLANG_WARN_OBJC_LITERAL_CONVERSION = YES;
				CLANG_WARN_OBJC_ROOT_CLASS = YES_ERROR;
				CLANG_WARN_QUOTED_INCLUDE_IN_FRAMEWORK_HEADER = YES;
				CLANG_WARN_RANGE_LOOP_ANALYSIS = YES;
				CLANG_WARN_STRICT_PROTOTYPES = YES;
				CLANG_WARN_SUSPICIOUS_MOVE = YES;
				CLANG_WARN_UNGUARDED_AVAILABILITY = YES_AGGRESSIVE;
				CLANG_WARN_UNREACHABLE_CODE = YES;
				CLANG_WARN__DUPLICATE_METHOD_MATCH = YES;
				COPY_PHASE_STRIP = NO;
				DEBUG_INFORMATION_FORMAT = dwarf;
				ENABLE_STRICT_OBJC_MSGSEND = YES;
				ENABLE_TESTABILITY = YES;
				GCC_C_LANGUAGE_STANDARD = gnu11;
				GCC_DYNAMIC_NO_PIC = NO;
				GCC_NO_COMMON_BLOCKS = YES;
				GCC_OPTIMIZATION_LEVEL = 0;
				GCC_PREPROCESSOR_DEFINITIONS = (
					"DEBUG=1",
					"$(inherited)",
				);
				GCC_WARN_64_TO_32_BIT_CONVERSION = YES;
				GCC_WARN_ABOUT_RETURN_TYPE = YES_ERROR;
				GCC_WARN_UNDECLARED_SELECTOR = YES;
				GCC_WARN_UNINITIALIZED_AUTOS = YES_AGGRESSIVE;
				GCC_WARN_UNUSED_FUNCTION = YES;
				GCC_WARN_UNUSED_VARIABLE = YES;
				IPHONEOS_DEPLOYMENT_TARGET = 13.2;
				MTL_ENABLE_DEBUG_INFO = INCLUDE_SOURCE;
				MTL_FAST_MATH = YES;
				ONLY_ACTIVE_ARCH = YES;
				SDKROOT = iphoneos;
				SWIFT_ACTIVE_COMPILATION_CONDITIONS = DEBUG;
				SWIFT_OPTIMIZATION_LEVEL = "-Onone";
			};
			name = Debug;
		};
		8CA37A932583209F00A5A17C /* Release */ = {
			isa = XCBuildConfiguration;
			buildSettings = {
				ALWAYS_SEARCH_USER_PATHS = NO;
				CLANG_ANALYZER_NONNULL = YES;
				CLANG_ANALYZER_NUMBER_OBJECT_CONVERSION = YES_AGGRESSIVE;
				CLANG_CXX_LANGUAGE_STANDARD = "gnu++14";
				CLANG_CXX_LIBRARY = "libc++";
				CLANG_ENABLE_MODULES = YES;
				CLANG_ENABLE_OBJC_ARC = YES;
				CLANG_ENABLE_OBJC_WEAK = YES;
				CLANG_WARN_BLOCK_CAPTURE_AUTORELEASING = YES;
				CLANG_WARN_BOOL_CONVERSION = YES;
				CLANG_WARN_COMMA = YES;
				CLANG_WARN_CONSTANT_CONVERSION = YES;
				CLANG_WARN_DEPRECATED_OBJC_IMPLEMENTATIONS = YES;
				CLANG_WARN_DIRECT_OBJC_ISA_USAGE = YES_ERROR;
				CLANG_WARN_DOCUMENTATION_COMMENTS = YES;
				CLANG_WARN_EMPTY_BODY = YES;
				CLANG_WARN_ENUM_CONVERSION = YES;
				CLANG_WARN_INFINITE_RECURSION = YES;
				CLANG_WARN_INT_CONVERSION = YES;
				CLANG_WARN_NON_LITERAL_NULL_CONVERSION = YES;
				CLANG_WARN_OBJC_IMPLICIT_RETAIN_SELF = YES;
				CLANG_WARN_OBJC_LITERAL_CONVERSION = YES;
				CLANG_WARN_OBJC_ROOT_CLASS = YES_ERROR;
				CLANG_WARN_QUOTED_INCLUDE_IN_FRAMEWORK_HEADER = YES;
				CLANG_WARN_RANGE_LOOP_ANALYSIS = YES;
				CLANG_WARN_STRICT_PROTOTYPES = YES;
				CLANG_WARN_SUSPICIOUS_MOVE = YES;
				CLANG_WARN_UNGUARDED_AVAILABILITY = YES_AGGRESSIVE;
				CLANG_WARN_UNREACHABLE_CODE = YES;
				CLANG_WARN__DUPLICATE_METHOD_MATCH = YES;
				COPY_PHASE_STRIP = NO;
				DEBUG_INFORMATION_FORMAT = "dwarf-with-dsym";
				ENABLE_NS_ASSERTIONS = NO;
				ENABLE_STRICT_OBJC_MSGSEND = YES;
				GCC_C_LANGUAGE_STANDARD = gnu11;
				GCC_NO_COMMON_BLOCKS = YES;
				GCC_WARN_64_TO_32_BIT_CONVERSION = YES;
				GCC_WARN_ABOUT_RETURN_TYPE = YES_ERROR;
				GCC_WARN_UNDECLARED_SELECTOR = YES;
				GCC_WARN_UNINITIALIZED_AUTOS = YES_AGGRESSIVE;
				GCC_WARN_UNUSED_FUNCTION = YES;
				GCC_WARN_UNUSED_VARIABLE = YES;
				IPHONEOS_DEPLOYMENT_TARGET = 13.2;
				MTL_ENABLE_DEBUG_INFO = NO;
				MTL_FAST_MATH = YES;
				SDKROOT = iphoneos;
				SWIFT_COMPILATION_MODE = wholemodule;
				SWIFT_OPTIMIZATION_LEVEL = "-O";
				VALIDATE_PRODUCT = YES;
			};
			name = Release;
		};
		8CA37A952583209F00A5A17C /* Debug */ = {
			isa = XCBuildConfiguration;
			buildSettings = {
				ASSETCATALOG_COMPILER_APPICON_NAME = AppIcon;
				ASSETCATALOG_COMPILER_GLOBAL_ACCENT_COLOR_NAME = AccentColor;
				CODE_SIGN_STYLE = Automatic;
				DEVELOPMENT_TEAM = VHXHHCVH76;
				INFOPLIST_FILE = AlertDemo/Info.plist;
				IPHONEOS_DEPLOYMENT_TARGET = 13.0;
				LD_RUNPATH_SEARCH_PATHS = (
					"$(inherited)",
					"@executable_path/Frameworks",
				);
				PRODUCT_BUNDLE_IDENTIFIER = com.nabin.AlertDemo;
				PRODUCT_NAME = "$(TARGET_NAME)";
				SWIFT_VERSION = 5.0;
				TARGETED_DEVICE_FAMILY = "1,2";
			};
			name = Debug;
		};
		8CA37A962583209F00A5A17C /* Release */ = {
			isa = XCBuildConfiguration;
			buildSettings = {
				ASSETCATALOG_COMPILER_APPICON_NAME = AppIcon;
				ASSETCATALOG_COMPILER_GLOBAL_ACCENT_COLOR_NAME = AccentColor;
				CODE_SIGN_STYLE = Automatic;
				DEVELOPMENT_TEAM = VHXHHCVH76;
				INFOPLIST_FILE = AlertDemo/Info.plist;
				IPHONEOS_DEPLOYMENT_TARGET = 13.0;
				LD_RUNPATH_SEARCH_PATHS = (
					"$(inherited)",
					"@executable_path/Frameworks",
				);
				PRODUCT_BUNDLE_IDENTIFIER = com.nabin.AlertDemo;
				PRODUCT_NAME = "$(TARGET_NAME)";
				SWIFT_VERSION = 5.0;
				TARGETED_DEVICE_FAMILY = "1,2";
			};
			name = Release;
		};
/* End XCBuildConfiguration section */

/* Begin XCConfigurationList section */
		8CA37A7B2583209D00A5A17C /* Build configuration list for PBXProject "AlertDemo" */ = {
			isa = XCConfigurationList;
			buildConfigurations = (
				8CA37A922583209F00A5A17C /* Debug */,
				8CA37A932583209F00A5A17C /* Release */,
			);
			defaultConfigurationIsVisible = 0;
			defaultConfigurationName = Release;
		};
		8CA37A942583209F00A5A17C /* Build configuration list for PBXNativeTarget "AlertDemo" */ = {
			isa = XCConfigurationList;
			buildConfigurations = (
				8CA37A952583209F00A5A17C /* Debug */,
				8CA37A962583209F00A5A17C /* Release */,
			);
			defaultConfigurationIsVisible = 0;
			defaultConfigurationName = Release;
		};
/* End XCConfigurationList section */
	};
	rootObject = 8CA37A782583209D00A5A17C /* Project object */;
}
